
Microsoft Visual Studio Solution File, Format Version 12.00
# Visual Studio Version 17
VisualStudioVersion = 17.0.31903.59
MinimumVisualStudioVersion = 10.0.40219.1
Project("{FAE04EC0-301F-11D3-BF4B-00C04F79EFBC}") = "CW-10-s30320", "CW-10-s30320\CW-10-s30320.csproj", "{712B487B-14E2-4F65-81DD-3AC2F37CE66D}"
EndProject
Project("{FAE04EC0-301F-11D3-BF4B-00C04F79EFBC}") = "CW-10-s30320.Tests", "CW-10-s30320.Tests\CW-10-s30320.Tests.csproj", "{89BFB59C-D61D-4658-B75B-92731212A1D8}"
EndProject
Global
	GlobalSection(SolutionConfigurationPlatforms) = preSolution
		Debug|Any CPU = Debug|Any CPU
		Release|Any CPU = Release|Any CPU
	EndGlobalSection
	GlobalSection(SolutionProperties) = preSolution
		HideSolutionNode = FALSE
	EndGlobalSection
	GlobalSection(ProjectConfigurationPlatforms) = postSolution
		{712B487B-14E2-4F65-81DD-3AC2F37CE66D}.Debug|Any CPU.ActiveCfg = Debug|Any CPU
		{712B487B-14E2-4F65-81DD-3AC2F37CE66D}.Debug|Any CPU.Build.0 = Debug|Any CPU
		{712B487B-14E2-4F65-81DD-3AC2F37CE66D}.Release|Any CPU.ActiveCfg = Release|Any CPU
		{712B487B-14E2-4F65-81DD-3AC2F37CE66D}.Release|Any CPU.Build.0 = Release|Any CPU
		{89BFB59C-D61D-4658-B75B-92731212A1D8}.Debug|Any CPU.ActiveCfg = Debug|Any CPU
		{89BFB59C-D61D-4658-B75B-92731212A1D8}.Debug|Any CPU.Build.0 = Debug|Any CPU
		{89BFB59C-D61D-4658-B75B-92731212A1D8}.Release|Any CPU.ActiveCfg = Release|Any CPU
		{89BFB59C-D61D-4658-B75B-92731212A1D8}.Release|Any CPU.Build.0 = Release|Any CPU
	EndGlobalSection
EndGlobal
